<?xml version="1.0" encoding="utf-8"?>
<Project ToolsVersion="4.0" xmlns="http://schemas.microsoft.com/developer/msbuild/2003">
  <ItemGroup>
    <Filter Include="Common">
      <UniqueIdentifier>{a3f4e2ba-a1e3-4d92-9405-dd3eb86658e2}</UniqueIdentifier>
    </Filter>
    <Filter Include="Loader">
      <UniqueIdentifier>{77df811f-bc21-47c3-9a61-849a0c31471a}</UniqueIdentifier>
    </Filter>
  </ItemGroup>
  <ItemGroup>
    <ClInclude Include="Source\common.h">
      <Filter>Common</Filter>
    </ClInclude>
    <ClInclude Include="Source\frame_status.h">
      <Filter>Common</Filter>
    </ClInclude>
    <ClInclude Include="Source\headers.h">
      <Filter>Loader</Filter>
    </ClInclude>
    <ClInclude Include="Source\loader.h">
      <Filter>Loader</Filter>
    </ClInclude>
    <ClInclude Include="Source\loader_internal.h">
      <Filter>Loader</Filter>
    </ClInclude>
  </ItemGroup>
  <ItemGroup>
    <ClCompile Include="Source\loader.c">
      <Filter>Loader</Filter>
    </ClCompile>
  </ItemGroup>
</Project>