<?xml version="1.0" encoding="utf-8"?>
<Project ToolsVersion="4.0" xmlns="http://schemas.microsoft.com/developer/msbuild/2003">
  <ItemGroup>
    <Filter Include="Common">
      <UniqueIdentifier>{a3f4e2ba-a1e3-4d92-9405-dd3eb86658e2}</UniqueIdentifier>
    </Filter>
    <Filter Include="Headers">
      <UniqueIdentifier>{341ff5ce-4a48-4ef7-90fd-1de57753e3ee}</UniqueIdentifier>
    </Filter>
    <Filter Include="Source Files">
      <UniqueIdentifier>{4f64facf-ee3d-4da1-9d95-d9efc0737781}</UniqueIdentifier>
    </Filter>
  </ItemGroup>
  <ItemGroup>
    <ClInclude Include="Source\common.h">
      <Filter>Common</Filter>
    </ClInclude>
    <ClInclude Include="Source\frame_status.h">
      <Filter>Common</Filter>
    </ClInclude>
    <ClInclude Include="Source\frame.h">
      <Filter>Headers</Filter>
    </ClInclude>
    <ClInclude Include="Source\frame_internal.h">
      <Filter>Headers</Filter>
    </ClInclude>
  </ItemGroup>
  <ItemGroup>
    <ClCompile Include="Source\frame.c">
      <Filter>Source Files</Filter>
    </ClCompile>
  </ItemGroup>
</Project>